{
    "name": "youtube-dl-feeds",
    "version": "0.0.2",
    "lockfileVersion": 2,
    "requires": true,
    "packages": {
        "": {
            "name": "youtube-dl-feeds",
            "version": "0.0.2",
            "dependencies": {
                "xamel": "^0.3.1"
            }
        },
        "node_modules/sax": {
            "version": "0.4.3",
            "resolved": "https://registry.npmjs.org/sax/-/sax-0.4.3.tgz",
            "integrity": "sha512-WvnHpLKMuEsJFV3LXuvxKY4sLdKev2tIeUxn+ljlQAhpx4ZEmJOW+nEa0uERX7XvfxoimvXvEqeo94p2jXoL6g=="
        },
        "node_modules/xamel": {
            "version": "0.3.1",
            "resolved": "https://registry.npmjs.org/xamel/-/xamel-0.3.1.tgz",
            "integrity": "sha512-gqRkNHHHH8FaQrx6M55C84GkU5jOThrN6SkWgIaqS6yNzsDpax258jdJQbNFTayXBjJdHvXxCHmjBgmNAjU2bg==",
            "dependencies": {
                "sax": "0.4.x",
                "xml-writer": "1.4.x"
            }
        },
        "node_modules/xml-writer": {
            "version": "1.4.2",
            "resolved": "https://registry.npmjs.org/xml-writer/-/xml-writer-1.4.2.tgz",
            "integrity": "sha512-7icuC+B1UQ5i4RSp5QXQciwsdM5C8BlZxWG0onYtkUcjmUTGk/8iveNRRaa8htUQ9FWchxRHxw5hijL0yU20xQ==",
            "engines": {
                "node": ">=0.4.0"
            }
        }
    },
    "dependencies": {
        "sax": {
            "version": "0.4.3",
            "resolved": "https://registry.npmjs.org/sax/-/sax-0.4.3.tgz",
            "integrity": "sha512-WvnHpLKMuEsJFV3LXuvxKY4sLdKev2tIeUxn+ljlQAhpx4ZEmJOW+nEa0uERX7XvfxoimvXvEqeo94p2jXoL6g=="
        },
        "xamel": {
            "version": "0.3.1",
            "resolved": "https://registry.npmjs.org/xamel/-/xamel-0.3.1.tgz",
            "integrity": "sha512-gqRkNHHHH8FaQrx6M55C84GkU5jOThrN6SkWgIaqS6yNzsDpax258jdJQbNFTayXBjJdHvXxCHmjBgmNAjU2bg==",
            "requires": {
                "sax": "0.4.x",
                "xml-writer": "1.4.x"
            }
        },
        "xml-writer": {
            "version": "1.4.2",
            "resolved": "https://registry.npmjs.org/xml-writer/-/xml-writer-1.4.2.tgz",
            "integrity": "sha512-7icuC+B1UQ5i4RSp5QXQciwsdM5C8BlZxWG0onYtkUcjmUTGk/8iveNRRaa8htUQ9FWchxRHxw5hijL0yU20xQ=="
        }
    }
}
